
Microsoft Visual Studio Solution File, Format Version 12.00
# Visual Studio 2013
VisualStudioVersion = 12.0.40629.0
MinimumVisualStudioVersion = 10.0.40219.1
Project("{F14B399A-7131-4C87-9E4B-1186C45EF12D}") = "CaseReport", "CaseReport\CaseReport.rptproj", "{EF25F6F6-E4E9-4ACD-84CD-43887C820D3B}"
EndProject
Global
	GlobalSection(SolutionConfigurationPlatforms) = preSolution
		Debug|Default = Debug|Default
		DebugLocal|Default = DebugLocal|Default
		Release|Default = Release|Default
	EndGlobalSection
	GlobalSection(ProjectConfigurationPlatforms) = postSolution
		{EF25F6F6-E4E9-4ACD-84CD-43887C820D3B}.Debug|Default.ActiveCfg = Debug
		{EF25F6F6-E4E9-4ACD-84CD-43887C820D3B}.Debug|Default.Build.0 = Debug
		{EF25F6F6-E4E9-4ACD-84CD-43887C820D3B}.Debug|Default.Deploy.0 = Debug
		{EF25F6F6-E4E9-4ACD-84CD-43887C820D3B}.DebugLocal|Default.ActiveCfg = DebugLocal
		{EF25F6F6-E4E9-4ACD-84CD-43887C820D3B}.DebugLocal|Default.Build.0 = DebugLocal
		{EF25F6F6-E4E9-4ACD-84CD-43887C820D3B}.Release|Default.ActiveCfg = Release
		{EF25F6F6-E4E9-4ACD-84CD-43887C820D3B}.Release|Default.Build.0 = Release
		{EF25F6F6-E4E9-4ACD-84CD-43887C820D3B}.Release|Default.Deploy.0 = Release
	EndGlobalSection
	GlobalSection(SolutionProperties) = preSolution
		HideSolutionNode = FALSE
	EndGlobalSection
EndGlobal
