
Microsoft Visual Studio Solution File, Format Version 12.00
# Visual Studio 2013
VisualStudioVersion = 12.0.40629.0
MinimumVisualStudioVersion = 10.0.40219.1
Project("{FAE04EC0-301F-11D3-BF4B-00C04F79EFBC}") = "PluginMockClass", "PluginMockClass\PluginMockClass.csproj", "{0A182E53-DED8-43BB-B3BB-EDBD68CF0E9A}"
EndProject
Project("{FAE04EC0-301F-11D3-BF4B-00C04F79EFBC}") = "PluginCaller", "PluginCaller\PluginCaller.csproj", "{C6043DCC-EC9D-434A-9B06-8A60558ACD51}"
EndProject
Global
	GlobalSection(SolutionConfigurationPlatforms) = preSolution
		Debug|Any CPU = Debug|Any CPU
		Release|Any CPU = Release|Any CPU
	EndGlobalSection
	GlobalSection(ProjectConfigurationPlatforms) = postSolution
		{0A182E53-DED8-43BB-B3BB-EDBD68CF0E9A}.Debug|Any CPU.ActiveCfg = Debug|Any CPU
		{0A182E53-DED8-43BB-B3BB-EDBD68CF0E9A}.Debug|Any CPU.Build.0 = Debug|Any CPU
		{0A182E53-DED8-43BB-B3BB-EDBD68CF0E9A}.Release|Any CPU.ActiveCfg = Release|Any CPU
		{0A182E53-DED8-43BB-B3BB-EDBD68CF0E9A}.Release|Any CPU.Build.0 = Release|Any CPU
		{C6043DCC-EC9D-434A-9B06-8A60558ACD51}.Debug|Any CPU.ActiveCfg = Debug|Any CPU
		{C6043DCC-EC9D-434A-9B06-8A60558ACD51}.Debug|Any CPU.Build.0 = Debug|Any CPU
		{C6043DCC-EC9D-434A-9B06-8A60558ACD51}.Release|Any CPU.ActiveCfg = Release|Any CPU
		{C6043DCC-EC9D-434A-9B06-8A60558ACD51}.Release|Any CPU.Build.0 = Release|Any CPU
	EndGlobalSection
	GlobalSection(SolutionProperties) = preSolution
		HideSolutionNode = FALSE
	EndGlobalSection
EndGlobal
